dependencies:
  idf:
    component_hash: null
    source:
      type: idf
    version: 4.4.8
  joltwallet/littlefs:
    component_hash: a023b819eff7a7740d61ae40b8e0c53dfe32843a99bc4aa6554867f3fc5091d3
    source:
      service_url: https://api.components.espressif.com/
      type: service
    version: 1.16.1
manifest_hash: 9a8774c7f1f085829199fd92153e93951107ba82f887431730fd56662053d8a2
target: esp32s3
version: 1.0.0
