dependencies:
  idf:
    component_hash: null
    source:
      type: idf
    version: 4.4.8
  joltwallet/littlefs:
    component_hash: a5d3edb6470d5cf0f07849e139d8ab24d2a55b2d5d2721204fdc2bc1e4fd1654
    source:
      service_url: https://api.components.espressif.com/
      type: service
    version: 1.13.1
manifest_hash: 416e82393b2894253433d47f16e83c7cc9f005fbf5af230ada0cfd672a2585be
target: esp32s3
version: 1.0.0
